
Microsoft Visual Studio Solution File, Format Version 12.00
# Visual Studio Version 17
VisualStudioVersion = 17.7.34031.279
MinimumVisualStudioVersion = 10.0.40219.1
Project("{FAE04EC0-301F-11D3-BF4B-00C04F79EFBC}") = "project1", "project1\project1.csproj", "{BC7BCB2B-10B6-445A-8042-6491C29AD4F6}"
EndProject
Global
	GlobalSection(SolutionConfigurationPlatforms) = preSolution
		Debug|Any CPU = Debug|Any CPU
		Release|Any CPU = Release|Any CPU
	EndGlobalSection
	GlobalSection(ProjectConfigurationPlatforms) = postSolution
		{BC7BCB2B-10B6-445A-8042-6491C29AD4F6}.Debug|Any CPU.ActiveCfg = Debug|Any CPU
		{BC7BCB2B-10B6-445A-8042-6491C29AD4F6}.Debug|Any CPU.Build.0 = Debug|Any CPU
		{BC7BCB2B-10B6-445A-8042-6491C29AD4F6}.Release|Any CPU.ActiveCfg = Release|Any CPU
		{BC7BCB2B-10B6-445A-8042-6491C29AD4F6}.Release|Any CPU.Build.0 = Release|Any CPU
	EndGlobalSection
	GlobalSection(SolutionProperties) = preSolution
		HideSolutionNode = FALSE
	EndGlobalSection
	GlobalSection(ExtensibilityGlobals) = postSolution
		SolutionGuid = {3E160C7A-153C-4A05-B166-45BB7DE24607}
	EndGlobalSection
EndGlobal
