
Microsoft Visual Studio Solution File, Format Version 12.00
# Visual Studio Version 17
VisualStudioVersion = 17.7.34202.233
MinimumVisualStudioVersion = 10.0.40219.1
Project("{FAE04EC0-301F-11D3-BF4B-00C04F79EFBC}") = "BDMinimumrent", "BDMinimumrent\BDMinimumrent.csproj", "{A376BA57-8911-40C9-9A18-8432634F7D76}"
EndProject
Project("{FAE04EC0-301F-11D3-BF4B-00C04F79EFBC}") = "BLL", "BLL\BLL.csproj", "{C3441A34-18B5-4EB6-9E91-F1B722300B31}"
EndProject
Project("{FAE04EC0-301F-11D3-BF4B-00C04F79EFBC}") = "DAL", "DAL\DAL.csproj", "{F8D6AE10-05A8-4B7B-9226-2CCC51979B4E}"
EndProject
Global
	GlobalSection(SolutionConfigurationPlatforms) = preSolution
		Debug|Any CPU = Debug|Any CPU
		Release|Any CPU = Release|Any CPU
	EndGlobalSection
	GlobalSection(ProjectConfigurationPlatforms) = postSolution
		{A376BA57-8911-40C9-9A18-8432634F7D76}.Debug|Any CPU.ActiveCfg = Debug|Any CPU
		{A376BA57-8911-40C9-9A18-8432634F7D76}.Debug|Any CPU.Build.0 = Debug|Any CPU
		{A376BA57-8911-40C9-9A18-8432634F7D76}.Release|Any CPU.ActiveCfg = Release|Any CPU
		{A376BA57-8911-40C9-9A18-8432634F7D76}.Release|Any CPU.Build.0 = Release|Any CPU
		{C3441A34-18B5-4EB6-9E91-F1B722300B31}.Debug|Any CPU.ActiveCfg = Debug|Any CPU
		{C3441A34-18B5-4EB6-9E91-F1B722300B31}.Debug|Any CPU.Build.0 = Debug|Any CPU
		{C3441A34-18B5-4EB6-9E91-F1B722300B31}.Release|Any CPU.ActiveCfg = Release|Any CPU
		{C3441A34-18B5-4EB6-9E91-F1B722300B31}.Release|Any CPU.Build.0 = Release|Any CPU
		{F8D6AE10-05A8-4B7B-9226-2CCC51979B4E}.Debug|Any CPU.ActiveCfg = Debug|Any CPU
		{F8D6AE10-05A8-4B7B-9226-2CCC51979B4E}.Debug|Any CPU.Build.0 = Debug|Any CPU
		{F8D6AE10-05A8-4B7B-9226-2CCC51979B4E}.Release|Any CPU.ActiveCfg = Release|Any CPU
		{F8D6AE10-05A8-4B7B-9226-2CCC51979B4E}.Release|Any CPU.Build.0 = Release|Any CPU
	EndGlobalSection
	GlobalSection(SolutionProperties) = preSolution
		HideSolutionNode = FALSE
	EndGlobalSection
	GlobalSection(ExtensibilityGlobals) = postSolution
		SolutionGuid = {27C0FF82-F881-4D80-B2BB-8182322D8375}
	EndGlobalSection
EndGlobal
