
Microsoft Visual Studio Solution File, Format Version 12.00
# Visual Studio Version 17
VisualStudioVersion = 17.7.34202.233
MinimumVisualStudioVersion = 10.0.40219.1
Project("{FAE04EC0-301F-11D3-BF4B-00C04F79EFBC}") = "Zero_Hunger", "Zero_Hunger\Zero_Hunger.csproj", "{3D86A5F3-D66C-4448-9FAC-C5255CA717E9}"
EndProject
Global
	GlobalSection(SolutionConfigurationPlatforms) = preSolution
		Debug|Any CPU = Debug|Any CPU
		Release|Any CPU = Release|Any CPU
	EndGlobalSection
	GlobalSection(ProjectConfigurationPlatforms) = postSolution
		{3D86A5F3-D66C-4448-9FAC-C5255CA717E9}.Debug|Any CPU.ActiveCfg = Debug|Any CPU
		{3D86A5F3-D66C-4448-9FAC-C5255CA717E9}.Debug|Any CPU.Build.0 = Debug|Any CPU
		{3D86A5F3-D66C-4448-9FAC-C5255CA717E9}.Release|Any CPU.ActiveCfg = Release|Any CPU
		{3D86A5F3-D66C-4448-9FAC-C5255CA717E9}.Release|Any CPU.Build.0 = Release|Any CPU
	EndGlobalSection
	GlobalSection(SolutionProperties) = preSolution
		HideSolutionNode = FALSE
	EndGlobalSection
	GlobalSection(ExtensibilityGlobals) = postSolution
		SolutionGuid = {9B8FD70C-0963-4B67-A2DC-B44C3C862EBD}
	EndGlobalSection
EndGlobal
