
Microsoft Visual Studio Solution File, Format Version 12.00
# Visual Studio Version 17
VisualStudioVersion = 17.7.34031.279
MinimumVisualStudioVersion = 10.0.40219.1
Project("{FAE04EC0-301F-11D3-BF4B-00C04F79EFBC}") = "LabTask.net", "LabTask.net\LabTask.net.csproj", "{6842AF3C-F2FB-450B-AD1C-4D1F716809F9}"
EndProject
Global
	GlobalSection(SolutionConfigurationPlatforms) = preSolution
		Debug|Any CPU = Debug|Any CPU
		Release|Any CPU = Release|Any CPU
	EndGlobalSection
	GlobalSection(ProjectConfigurationPlatforms) = postSolution
		{6842AF3C-F2FB-450B-AD1C-4D1F716809F9}.Debug|Any CPU.ActiveCfg = Debug|Any CPU
		{6842AF3C-F2FB-450B-AD1C-4D1F716809F9}.Debug|Any CPU.Build.0 = Debug|Any CPU
		{6842AF3C-F2FB-450B-AD1C-4D1F716809F9}.Release|Any CPU.ActiveCfg = Release|Any CPU
		{6842AF3C-F2FB-450B-AD1C-4D1F716809F9}.Release|Any CPU.Build.0 = Release|Any CPU
	EndGlobalSection
	GlobalSection(SolutionProperties) = preSolution
		HideSolutionNode = FALSE
	EndGlobalSection
	GlobalSection(ExtensibilityGlobals) = postSolution
		SolutionGuid = {CD39B66C-08D1-4463-AC73-783F6B4CAECA}
	EndGlobalSection
EndGlobal
